
Microsoft Visual Studio Solution File, Format Version 12.00
Project("{FAE04EC0-301F-11D3-BF4B-00C04F79EFBC}") = "EnumTypeDemo1", "EnumTypeDemo1\EnumTypeDemo1.csproj", "{28010919-418C-4FD0-8768-A37C849BB389}"
EndProject
Project("{FAE04EC0-301F-11D3-BF4B-00C04F79EFBC}") = "EnumTypeDemo2", "EnumTypeDemo2\EnumTypeDemo2.csproj", "{541DCB8F-DDB9-48CF-83C0-CC763C0CFD7E}"
EndProject
Project("{FAE04EC0-301F-11D3-BF4B-00C04F79EFBC}") = "EnumTypeDemo3", "EnumTypeDemo3\EnumTypeDemo3.csproj", "{CCF7E8BC-172C-4F59-8645-1FB17F994D8A}"
EndProject
Project("{FAE04EC0-301F-11D3-BF4B-00C04F79EFBC}") = "StaticsDemo1", "StaticsDemo1\StaticsDemo1.csproj", "{B6639E1D-11EB-46CD-85E1-1B5558E055A6}"
EndProject
Project("{FAE04EC0-301F-11D3-BF4B-00C04F79EFBC}") = "StaticsDemo2", "StaticsDemo2\StaticsDemo2.csproj", "{6C740E7F-6632-474D-B6A9-761DDACE68D9}"
EndProject
Project("{FAE04EC0-301F-11D3-BF4B-00C04F79EFBC}") = "ConstructorsDemo2", "ConstructorsDemo2\ConstructorsDemo2.csproj", "{3B0B2825-780F-4CBF-9078-0222B8572858}"
EndProject
Project("{FAE04EC0-301F-11D3-BF4B-00C04F79EFBC}") = "ConstructorsDemo1", "ConstructorsDemo1\ConstructorsDemo1.csproj", "{F0DFF5F2-DB61-46AD-91D4-59DB84E38445}"
EndProject
Project("{FAE04EC0-301F-11D3-BF4B-00C04F79EFBC}") = "MethodsDemo1", "MethodsDemo1\MethodsDemo1.csproj", "{1D144117-4087-46E3-8E21-E12328D5E755}"
EndProject
Global
	GlobalSection(SolutionConfigurationPlatforms) = preSolution
		Debug|Any CPU = Debug|Any CPU
		Release|Any CPU = Release|Any CPU
	EndGlobalSection
	GlobalSection(ProjectConfigurationPlatforms) = postSolution
		{28010919-418C-4FD0-8768-A37C849BB389}.Debug|Any CPU.ActiveCfg = Debug|Any CPU
		{28010919-418C-4FD0-8768-A37C849BB389}.Debug|Any CPU.Build.0 = Debug|Any CPU
		{28010919-418C-4FD0-8768-A37C849BB389}.Release|Any CPU.ActiveCfg = Release|Any CPU
		{28010919-418C-4FD0-8768-A37C849BB389}.Release|Any CPU.Build.0 = Release|Any CPU
		{541DCB8F-DDB9-48CF-83C0-CC763C0CFD7E}.Debug|Any CPU.ActiveCfg = Debug|Any CPU
		{541DCB8F-DDB9-48CF-83C0-CC763C0CFD7E}.Debug|Any CPU.Build.0 = Debug|Any CPU
		{541DCB8F-DDB9-48CF-83C0-CC763C0CFD7E}.Release|Any CPU.ActiveCfg = Release|Any CPU
		{541DCB8F-DDB9-48CF-83C0-CC763C0CFD7E}.Release|Any CPU.Build.0 = Release|Any CPU
		{CCF7E8BC-172C-4F59-8645-1FB17F994D8A}.Debug|Any CPU.ActiveCfg = Debug|Any CPU
		{CCF7E8BC-172C-4F59-8645-1FB17F994D8A}.Debug|Any CPU.Build.0 = Debug|Any CPU
		{CCF7E8BC-172C-4F59-8645-1FB17F994D8A}.Release|Any CPU.ActiveCfg = Release|Any CPU
		{CCF7E8BC-172C-4F59-8645-1FB17F994D8A}.Release|Any CPU.Build.0 = Release|Any CPU
		{B6639E1D-11EB-46CD-85E1-1B5558E055A6}.Debug|Any CPU.ActiveCfg = Debug|Any CPU
		{B6639E1D-11EB-46CD-85E1-1B5558E055A6}.Debug|Any CPU.Build.0 = Debug|Any CPU
		{B6639E1D-11EB-46CD-85E1-1B5558E055A6}.Release|Any CPU.ActiveCfg = Release|Any CPU
		{B6639E1D-11EB-46CD-85E1-1B5558E055A6}.Release|Any CPU.Build.0 = Release|Any CPU
		{6C740E7F-6632-474D-B6A9-761DDACE68D9}.Debug|Any CPU.ActiveCfg = Debug|Any CPU
		{6C740E7F-6632-474D-B6A9-761DDACE68D9}.Debug|Any CPU.Build.0 = Debug|Any CPU
		{6C740E7F-6632-474D-B6A9-761DDACE68D9}.Release|Any CPU.ActiveCfg = Release|Any CPU
		{6C740E7F-6632-474D-B6A9-761DDACE68D9}.Release|Any CPU.Build.0 = Release|Any CPU
		{3B0B2825-780F-4CBF-9078-0222B8572858}.Debug|Any CPU.ActiveCfg = Debug|Any CPU
		{3B0B2825-780F-4CBF-9078-0222B8572858}.Debug|Any CPU.Build.0 = Debug|Any CPU
		{3B0B2825-780F-4CBF-9078-0222B8572858}.Release|Any CPU.ActiveCfg = Release|Any CPU
		{3B0B2825-780F-4CBF-9078-0222B8572858}.Release|Any CPU.Build.0 = Release|Any CPU
		{F0DFF5F2-DB61-46AD-91D4-59DB84E38445}.Debug|Any CPU.ActiveCfg = Debug|Any CPU
		{F0DFF5F2-DB61-46AD-91D4-59DB84E38445}.Debug|Any CPU.Build.0 = Debug|Any CPU
		{F0DFF5F2-DB61-46AD-91D4-59DB84E38445}.Release|Any CPU.ActiveCfg = Release|Any CPU
		{F0DFF5F2-DB61-46AD-91D4-59DB84E38445}.Release|Any CPU.Build.0 = Release|Any CPU
		{1D144117-4087-46E3-8E21-E12328D5E755}.Debug|Any CPU.ActiveCfg = Debug|Any CPU
		{1D144117-4087-46E3-8E21-E12328D5E755}.Debug|Any CPU.Build.0 = Debug|Any CPU
		{1D144117-4087-46E3-8E21-E12328D5E755}.Release|Any CPU.ActiveCfg = Release|Any CPU
		{1D144117-4087-46E3-8E21-E12328D5E755}.Release|Any CPU.Build.0 = Release|Any CPU
	EndGlobalSection
EndGlobal
